{
  "name": "win7-design-project",
  "version": "1.0.0",
  "lockfileVersion": 3,
  "requires": true,
  "packages": {
    "": {
      "name": "win7-design-project",
      "version": "1.0.0",
      "license": "ISC",
      "dependencies": {
        "7.css": "^0.21.1",
        "framework7": "^9.1.2",
        "framework7-icons": "^5.0.5"
      }
    },
    "node_modules/7.css": {
      "version": "0.21.1",
      "resolved": "https://registry.npmjs.org/7.css/-/7.css-0.21.1.tgz",
      "integrity": "sha512-Q+/aFUpGemoR/Zltj4a7yvHonyxfb+9cgiwBL+j/Lm+H28EOoLzWoJki7MdGPV+3mLCvKSCVqr3M2x2uNYyeWw==",
      "license": "MIT"
    },
    "node_modules/dom7": {
      "version": "4.0.6",
      "resolved": "https://registry.npmjs.org/dom7/-/dom7-4.0.6.tgz",
      "integrity": "sha512-emjdpPLhpNubapLFdjNL9tP06Sr+GZkrIHEXLWvOGsytACUrkbeIdjO5g77m00BrHTznnlcNqgmn7pCN192TBA==",
      "license": "MIT",
      "dependencies": {
        "ssr-window": "^4.0.0"
      }
    },
    "node_modules/dom7/node_modules/ssr-window": {
      "version": "4.0.2",
      "resolved": "https://registry.npmjs.org/ssr-window/-/ssr-window-4.0.2.tgz",
      "integrity": "sha512-ISv/Ch+ig7SOtw7G2+qkwfVASzazUnvlDTwypdLoPoySv+6MqlOV10VwPSE6EWkGjhW50lUmghPmpYZXMu/+AQ==",
      "license": "MIT"
    },
    "node_modules/framework7": {
      "version": "9.1.2",
      "resolved": "https://registry.npmjs.org/framework7/-/framework7-9.1.2.tgz",
      "integrity": "sha512-XXvIeiRri3imFiz4wZZjBgr0b7mqVosFX1rRABM86iUyaWqj1GQEuQsKzaGXFw1nzEuiX7+r39vtF7Fq5bUiJA==",
      "license": "MIT",
      "dependencies": {
        "dom7": "^4.0.6",
        "htm": "^3.1.1",
        "path-to-regexp": "^6.3.0",
        "skeleton-elements": "^4.0.1",
        "ssr-window": "^5.0.1",
        "swiper": "^12.1.2"
      },
      "funding": {
        "type": "patreon",
        "url": "https://www.patreon.com/framework7"
      }
    },
    "node_modules/framework7-icons": {
      "version": "5.0.5",
      "resolved": "https://registry.npmjs.org/framework7-icons/-/framework7-icons-5.0.5.tgz",
      "integrity": "sha512-bvHMLyujV9TFuudehd3ORZ/EvNp19Ir3ckVzYAOf3MkLymHba/9oHLsgopCh0x5UsrYZUpkrE+fd7ggj5y4wRw==",
      "license": "MIT",
      "engines": {
        "node": ">= 0.10.0"
      }
    },
    "node_modules/htm": {
      "version": "3.1.1",
      "resolved": "https://registry.npmjs.org/htm/-/htm-3.1.1.tgz",
      "integrity": "sha512-983Vyg8NwUE7JkZ6NmOqpCZ+sh1bKv2iYTlUkzlWmA5JD2acKoxd4KVxbMmxX/85mtfdnDmTFoNKcg5DGAvxNQ==",
      "license": "Apache-2.0"
    },
    "node_modules/path-to-regexp": {
      "version": "6.3.0",
      "resolved": "https://registry.npmjs.org/path-to-regexp/-/path-to-regexp-6.3.0.tgz",
      "integrity": "sha512-Yhpw4T9C6hPpgPeA28us07OJeqZ5EzQTkbfwuhsUg0c237RomFoETJgmp2sa3F/41gfLE6G5cqcYwznmeEeOlQ==",
      "license": "MIT"
    },
    "node_modules/skeleton-elements": {
      "version": "4.0.1",
      "resolved": "https://registry.npmjs.org/skeleton-elements/-/skeleton-elements-4.0.1.tgz",
      "integrity": "sha512-T7YSF/Vu/raUcM6v3HiE4VSY/OvrNflg8Dur3Zza6VVJkq4slxm4pJRpGLNhoOfblIPZLQKh1cu7ADKveyqm/Q==",
      "license": "MIT"
    },
    "node_modules/ssr-window": {
      "version": "5.0.1",
      "resolved": "https://registry.npmjs.org/ssr-window/-/ssr-window-5.0.1.tgz",
      "integrity": "sha512-WVXlhQsm54HC+FnJfEbccEgNF7mKXtnFUB8Xn7rx2dsWHOlBdqezdX88Vjh6pVGaa0ZvL+PoSu7rEcBuNmxt6g==",
      "license": "MIT"
    },
    "node_modules/swiper": {
      "version": "12.2.0",
      "resolved": "https://registry.npmjs.org/swiper/-/swiper-12.2.0.tgz",
      "integrity": "sha512-K8uXsBZU6ME97Ia3xbBge8IRCnR1lOmIILzvY/jGVic7dSTQ530s3uO8RvXbPUtkkXLWIwmZLRPbtDxRWVAFdg==",
      "funding": [
        {
          "type": "custom",
          "url": "https://sponsors.nolimits4web.com"
        },
        {
          "type": "github",
          "url": "https://github.com/sponsors/nolimits4web"
        }
      ],
      "license": "MIT",
      "engines": {
        "node": ">= 4.7.0"
      }
    }
  }
}
